// !$*UTF8*$!
{
	archiveVersion = 1;
	classes = {
	};
	objectVersion = 56;
	objects = {

/* Begin PBXBuildFile section */
		6316CC6F29C4BD350085CF2A /* AppDelegate.swift in Sources */ = {isa = PBXBuildFile; fileRef = 6316CC6E29C4BD350085CF2A /* AppDelegate.swift */; };
		6316CC7129C4BD350085CF2A /* SceneDelegate.swift in Sources */ = {isa = PBXBuildFile; fileRef = 6316CC7029C4BD350085CF2A /* SceneDelegate.swift */; };
		6316CC7829C4BD380085CF2A /* Assets.xcassets in Resources */ = {isa = PBXBuildFile; fileRef = 6316CC7729C4BD380085CF2A /* Assets.xcassets */; };
		6316CC7B29C4BD380085CF2A /* LaunchScreen.storyboard in Resources */ = {isa = PBXBuildFile; fileRef = 6316CC7929C4BD380085CF2A /* LaunchScreen.storyboard */; };
		6316CC8329C4BE710085CF2A /* Quote.swift in Sources */ = {isa = PBXBuildFile; fileRef = 6316CC8229C4BE710085CF2A /* Quote.swift */; };
		6316CCA729C4E4D10085CF2A /* QuotesViewController.swift in Sources */ = {isa = PBXBuildFile; fileRef = 6316CCA629C4E4D10085CF2A /* QuotesViewController.swift */; };
		B40083741DE896F9088358D1 /* Pods_QuotesConverter.framework in Frameworks */ = {isa = PBXBuildFile; fileRef = 0FE859B13576200BB783FF5A /* Pods_QuotesConverter.framework */; };
/* End PBXBuildFile section */

/* Begin PBXFileReference section */
		0FE859B13576200BB783FF5A /* Pods_QuotesConverter.framework */ = {isa = PBXFileReference; explicitFileType = wrapper.framework; includeInIndex = 0; path = Pods_QuotesConverter.framework; sourceTree = BUILT_PRODUCTS_DIR; };
		4118EB4BE9A5DB34799C2B5E /* Pods-QuotesConverter.debug.xcconfig */ = {isa = PBXFileReference; includeInIndex = 1; lastKnownFileType = text.xcconfig; name = "Pods-QuotesConverter.debug.xcconfig"; path = "Target Support Files/Pods-QuotesConverter/Pods-QuotesConverter.debug.xcconfig"; sourceTree = "<group>"; };
		6316CC6B29C4BD350085CF2A /* QuotesConverter.app */ = {isa = PBXFileReference; explicitFileType = wrapper.application; includeInIndex = 0; path = QuotesConverter.app; sourceTree = BUILT_PRODUCTS_DIR; };
		6316CC6E29C4BD350085CF2A /* AppDelegate.swift */ = {isa = PBXFileReference; lastKnownFileType = sourcecode.swift; path = AppDelegate.swift; sourceTree = "<group>"; };
		6316CC7029C4BD350085CF2A /* SceneDelegate.swift */ = {isa = PBXFileReference; lastKnownFileType = sourcecode.swift; path = SceneDelegate.swift; sourceTree = "<group>"; };
		6316CC7729C4BD380085CF2A /* Assets.xcassets */ = {isa = PBXFileReference; lastKnownFileType = folder.assetcatalog; path = Assets.xcassets; sourceTree = "<group>"; };
		6316CC7A29C4BD380085CF2A /* Base */ = {isa = PBXFileReference; lastKnownFileType = file.storyboard; name = Base; path = Base.lproj/LaunchScreen.storyboard; sourceTree = "<group>"; };
		6316CC7C29C4BD380085CF2A /* Info.plist */ = {isa = PBXFileReference; lastKnownFileType = text.plist.xml; path = Info.plist; sourceTree = "<group>"; };
		6316CC8229C4BE710085CF2A /* Quote.swift */ = {isa = PBXFileReference; lastKnownFileType = sourcecode.swift; path = Quote.swift; sourceTree = "<group>"; };
		6316CCA629C4E4D10085CF2A /* QuotesViewController.swift */ = {isa = PBXFileReference; lastKnownFileType = sourcecode.swift; path = QuotesViewController.swift; sourceTree = "<group>"; };
		BFD50E3586E3FEEFD90850E0 /* Pods-QuotesConverter.release.xcconfig */ = {isa = PBXFileReference; includeInIndex = 1; lastKnownFileType = text.xcconfig; name = "Pods-QuotesConverter.release.xcconfig"; path = "Target Support Files/Pods-QuotesConverter/Pods-QuotesConverter.release.xcconfig"; sourceTree = "<group>"; };
/* End PBXFileReference section */

/* Begin PBXFrameworksBuildPhase section */
		6316CC6829C4BD350085CF2A /* Frameworks */ = {
			isa = PBXFrameworksBuildPhase;
			buildActionMask = 2147483647;
			files = (
				B40083741DE896F9088358D1 /* Pods_QuotesConverter.framework in Frameworks */,
			);
			runOnlyForDeploymentPostprocessing = 0;
		};
/* End PBXFrameworksBuildPhase section */

/* Begin PBXGroup section */
		609E6BADB4F22B4B040A2E4F /* Pods */ = {
			isa = PBXGroup;
			children = (
				4118EB4BE9A5DB34799C2B5E /* Pods-QuotesConverter.debug.xcconfig */,
				BFD50E3586E3FEEFD90850E0 /* Pods-QuotesConverter.release.xcconfig */,
			);
			path = Pods;
			sourceTree = "<group>";
		};
		6316CC6229C4BD350085CF2A = {
			isa = PBXGroup;
			children = (
				6316CC6D29C4BD350085CF2A /* QuotesConverter */,
				6316CC6C29C4BD350085CF2A /* Products */,
				609E6BADB4F22B4B040A2E4F /* Pods */,
				DE3A6036ED6755D11D8A8B34 /* Frameworks */,
			);
			sourceTree = "<group>";
		};
		6316CC6C29C4BD350085CF2A /* Products */ = {
			isa = PBXGroup;
			children = (
				6316CC6B29C4BD350085CF2A /* QuotesConverter.app */,
			);
			name = Products;
			sourceTree = "<group>";
		};
		6316CC6D29C4BD350085CF2A /* QuotesConverter */ = {
			isa = PBXGroup;
			children = (
				6316CCB129C5327A0085CF2A /* Controller */,
				6316CCB029C532700085CF2A /* Model */,
				6316CC6E29C4BD350085CF2A /* AppDelegate.swift */,
				6316CC7029C4BD350085CF2A /* SceneDelegate.swift */,
				6316CC7729C4BD380085CF2A /* Assets.xcassets */,
				6316CC7929C4BD380085CF2A /* LaunchScreen.storyboard */,
				6316CC7C29C4BD380085CF2A /* Info.plist */,
			);
			path = QuotesConverter;
			sourceTree = "<group>";
		};
		6316CCB029C532700085CF2A /* Model */ = {
			isa = PBXGroup;
			children = (
				6316CC8229C4BE710085CF2A /* Quote.swift */,
			);
			path = Model;
			sourceTree = "<group>";
		};
		6316CCB129C5327A0085CF2A /* Controller */ = {
			isa = PBXGroup;
			children = (
				6316CCA629C4E4D10085CF2A /* QuotesViewController.swift */,
			);
			path = Controller;
			sourceTree = "<group>";
		};
		DE3A6036ED6755D11D8A8B34 /* Frameworks */ = {
			isa = PBXGroup;
			children = (
				0FE859B13576200BB783FF5A /* Pods_QuotesConverter.framework */,
			);
			name = Frameworks;
			sourceTree = "<group>";
		};
/* End PBXGroup section */

/* Begin PBXNativeTarget section */
		6316CC6A29C4BD350085CF2A /* QuotesConverter */ = {
			isa = PBXNativeTarget;
			buildConfigurationList = 6316CC7F29C4BD380085CF2A /* Build configuration list for PBXNativeTarget "QuotesConverter" */;
			buildPhases = (
				A49C058D0695AE9335AF8BA7 /* [CP] Check Pods Manifest.lock */,
				6316CC6729C4BD350085CF2A /* Sources */,
				6316CC6829C4BD350085CF2A /* Frameworks */,
				6316CC6929C4BD350085CF2A /* Resources */,
				C9CC750A8CE93FA4057E0CB2 /* [CP] Embed Pods Frameworks */,
			);
			buildRules = (
			);
			dependencies = (
			);
			name = QuotesConverter;
			productName = QuotesConverter;
			productReference = 6316CC6B29C4BD350085CF2A /* QuotesConverter.app */;
			productType = "com.apple.product-type.application";
		};
/* End PBXNativeTarget section */

/* Begin PBXProject section */
		6316CC6329C4BD350085CF2A /* Project object */ = {
			isa = PBXProject;
			attributes = {
				BuildIndependentTargetsInParallel = 1;
				LastSwiftUpdateCheck = 1410;
				LastUpgradeCheck = 1410;
				TargetAttributes = {
					6316CC6A29C4BD350085CF2A = {
						CreatedOnToolsVersion = 14.1;
					};
				};
			};
			buildConfigurationList = 6316CC6629C4BD350085CF2A /* Build configuration list for PBXProject "QuotesConverter" */;
			compatibilityVersion = "Xcode 14.0";
			developmentRegion = en;
			hasScannedForEncodings = 0;
			knownRegions = (
				en,
				Base,
			);
			mainGroup = 6316CC6229C4BD350085CF2A;
			productRefGroup = 6316CC6C29C4BD350085CF2A /* Products */;
			projectDirPath = "";
			projectRoot = "";
			targets = (
				6316CC6A29C4BD350085CF2A /* QuotesConverter */,
			);
		};
/* End PBXProject section */

/* Begin PBXResourcesBuildPhase section */
		6316CC6929C4BD350085CF2A /* Resources */ = {
			isa = PBXResourcesBuildPhase;
			buildActionMask = 2147483647;
			files = (
				6316CC7B29C4BD380085CF2A /* LaunchScreen.storyboard in Resources */,
				6316CC7829C4BD380085CF2A /* Assets.xcassets in Resources */,
			);
			runOnlyForDeploymentPostprocessing = 0;
		};
/* End PBXResourcesBuildPhase section */

/* Begin PBXShellScriptBuildPhase section */
		A49C058D0695AE9335AF8BA7 /* [CP] Check Pods Manifest.lock */ = {
			isa = PBXShellScriptBuildPhase;
			buildActionMask = 2147483647;
			files = (
			);
			inputFileListPaths = (
			);
			inputPaths = (
				"${PODS_PODFILE_DIR_PATH}/Podfile.lock",
				"${PODS_ROOT}/Manifest.lock",
			);
			name = "[CP] Check Pods Manifest.lock";
			outputFileListPaths = (
			);
			outputPaths = (
				"$(DERIVED_FILE_DIR)/Pods-QuotesConverter-checkManifestLockResult.txt",
			);
			runOnlyForDeploymentPostprocessing = 0;
			shellPath = /bin/sh;
			shellScript = "diff \"${PODS_PODFILE_DIR_PATH}/Podfile.lock\" \"${PODS_ROOT}/Manifest.lock\" > /dev/null\nif [ $? != 0 ] ; then\n    # print error to STDERR\n    echo \"error: The sandbox is not in sync with the Podfile.lock. Run 'pod install' or update your CocoaPods installation.\" >&2\n    exit 1\nfi\n# This output is used by Xcode 'outputs' to avoid re-running this script phase.\necho \"SUCCESS\" > \"${SCRIPT_OUTPUT_FILE_0}\"\n";
			showEnvVarsInLog = 0;
		};
		C9CC750A8CE93FA4057E0CB2 /* [CP] Embed Pods Frameworks */ = {
			isa = PBXShellScriptBuildPhase;
			buildActionMask = 2147483647;
			files = (
			);
			inputFileListPaths = (
				"${PODS_ROOT}/Target Support Files/Pods-QuotesConverter/Pods-QuotesConverter-frameworks-${CONFIGURATION}-input-files.xcfilelist",
			);
			name = "[CP] Embed Pods Frameworks";
			outputFileListPaths = (
				"${PODS_ROOT}/Target Support Files/Pods-QuotesConverter/Pods-QuotesConverter-frameworks-${CONFIGURATION}-output-files.xcfilelist",
			);
			runOnlyForDeploymentPostprocessing = 0;
			shellPath = /bin/sh;
			shellScript = "\"${PODS_ROOT}/Target Support Files/Pods-QuotesConverter/Pods-QuotesConverter-frameworks.sh\"\n";
			showEnvVarsInLog = 0;
		};
/* End PBXShellScriptBuildPhase section */

/* Begin PBXSourcesBuildPhase section */
		6316CC6729C4BD350085CF2A /* Sources */ = {
			isa = PBXSourcesBuildPhase;
			buildActionMask = 2147483647;
			files = (
				6316CC8329C4BE710085CF2A /* Quote.swift in Sources */,
				6316CC6F29C4BD350085CF2A /* AppDelegate.swift in Sources */,
				6316CCA729C4E4D10085CF2A /* QuotesViewController.swift in Sources */,
				6316CC7129C4BD350085CF2A /* SceneDelegate.swift in Sources */,
			);
			runOnlyForDeploymentPostprocessing = 0;
		};
/* End PBXSourcesBuildPhase section */

/* Begin PBXVariantGroup section */
		6316CC7929C4BD380085CF2A /* LaunchScreen.storyboard */ = {
			isa = PBXVariantGroup;
			children = (
				6316CC7A29C4BD380085CF2A /* Base */,
			);
			name = LaunchScreen.storyboard;
			sourceTree = "<group>";
		};
/* End PBXVariantGroup section */

/* Begin XCBuildConfiguration section */
		6316CC7D29C4BD380085CF2A /* Debug */ = {
			isa = XCBuildConfiguration;
			buildSettings = {
				ALWAYS_SEARCH_USER_PATHS = NO;
				CLANG_ANALYZER_NONNULL = YES;
				CLANG_ANALYZER_NUMBER_OBJECT_CONVERSION = YES_AGGRESSIVE;
				CLANG_CXX_LANGUAGE_STANDARD = "gnu++20";
				CLANG_ENABLE_MODULES = YES;
				CLANG_ENABLE_OBJC_ARC = YES;
				CLANG_ENABLE_OBJC_WEAK = YES;
				CLANG_WARN_BLOCK_CAPTURE_AUTORELEASING = YES;
				CLANG_WARN_BOOL_CONVERSION = YES;
				CLANG_WARN_COMMA = YES;
				CLANG_WARN_CONSTANT_CONVERSION = YES;
				CLANG_WARN_DEPRECATED_OBJC_IMPLEMENTATIONS = YES;
				CLANG_WARN_DIRECT_OBJC_ISA_USAGE = YES_ERROR;
				CLANG_WARN_DOCUMENTATION_COMMENTS = YES;
				CLANG_WARN_EMPTY_BODY = YES;
				CLANG_WARN_ENUM_CONVERSION = YES;
				CLANG_WARN_INFINITE_RECURSION = YES;
				CLANG_WARN_INT_CONVERSION = YES;
				CLANG_WARN_NON_LITERAL_NULL_CONVERSION = YES;
				CLANG_WARN_OBJC_IMPLICIT_RETAIN_SELF = YES;
				CLANG_WARN_OBJC_LITERAL_CONVERSION = YES;
				CLANG_WARN_OBJC_ROOT_CLASS = YES_ERROR;
				CLANG_WARN_QUOTED_INCLUDE_IN_FRAMEWORK_HEADER = YES;
				CLANG_WARN_RANGE_LOOP_ANALYSIS = YES;
				CLANG_WARN_STRICT_PROTOTYPES = YES;
				CLANG_WARN_SUSPICIOUS_MOVE = YES;
				CLANG_WARN_UNGUARDED_AVAILABILITY = YES_AGGRESSIVE;
				CLANG_WARN_UNREACHABLE_CODE = YES;
				CLANG_WARN__DUPLICATE_METHOD_MATCH = YES;
				COPY_PHASE_STRIP = NO;
				DEBUG_INFORMATION_FORMAT = dwarf;
				ENABLE_STRICT_OBJC_MSGSEND = YES;
				ENABLE_TESTABILITY = YES;
				GCC_C_LANGUAGE_STANDARD = gnu11;
				GCC_DYNAMIC_NO_PIC = NO;
				GCC_NO_COMMON_BLOCKS = YES;
				GCC_OPTIMIZATION_LEVEL = 0;
				GCC_PREPROCESSOR_DEFINITIONS = (
					"DEBUG=1",
					"$(inherited)",
				);
				GCC_WARN_64_TO_32_BIT_CONVERSION = YES;
				GCC_WARN_ABOUT_RETURN_TYPE = YES_ERROR;
				GCC_WARN_UNDECLARED_SELECTOR = YES;
				GCC_WARN_UNINITIALIZED_AUTOS = YES_AGGRESSIVE;
				GCC_WARN_UNUSED_FUNCTION = YES;
				GCC_WARN_UNUSED_VARIABLE = YES;
				IPHONEOS_DEPLOYMENT_TARGET = 16.1;
				MTL_ENABLE_DEBUG_INFO = INCLUDE_SOURCE;
				MTL_FAST_MATH = YES;
				ONLY_ACTIVE_ARCH = YES;
				SDKROOT = iphoneos;
				SWIFT_ACTIVE_COMPILATION_CONDITIONS = DEBUG;
				SWIFT_OPTIMIZATION_LEVEL = "-Onone";
			};
			name = Debug;
		};
		6316CC7E29C4BD380085CF2A /* Release */ = {
			isa = XCBuildConfiguration;
			buildSettings = {
				ALWAYS_SEARCH_USER_PATHS = NO;
				CLANG_ANALYZER_NONNULL = YES;
				CLANG_ANALYZER_NUMBER_OBJECT_CONVERSION = YES_AGGRESSIVE;
				CLANG_CXX_LANGUAGE_STANDARD = "gnu++20";
				CLANG_ENABLE_MODULES = YES;
				CLANG_ENABLE_OBJC_ARC = YES;
				CLANG_ENABLE_OBJC_WEAK = YES;
				CLANG_WARN_BLOCK_CAPTURE_AUTORELEASING = YES;
				CLANG_WARN_BOOL_CONVERSION = YES;
				CLANG_WARN_COMMA = YES;
				CLANG_WARN_CONSTANT_CONVERSION = YES;
				CLANG_WARN_DEPRECATED_OBJC_IMPLEMENTATIONS = YES;
				CLANG_WARN_DIRECT_OBJC_ISA_USAGE = YES_ERROR;
				CLANG_WARN_DOCUMENTATION_COMMENTS = YES;
				CLANG_WARN_EMPTY_BODY = YES;
				CLANG_WARN_ENUM_CONVERSION = YES;
				CLANG_WARN_INFINITE_RECURSION = YES;
				CLANG_WARN_INT_CONVERSION = YES;
				CLANG_WARN_NON_LITERAL_NULL_CONVERSION = YES;
				CLANG_WARN_OBJC_IMPLICIT_RETAIN_SELF = YES;
				CLANG_WARN_OBJC_LITERAL_CONVERSION = YES;
				CLANG_WARN_OBJC_ROOT_CLASS = YES_ERROR;
				CLANG_WARN_QUOTED_INCLUDE_IN_FRAMEWORK_HEADER = YES;
				CLANG_WARN_RANGE_LOOP_ANALYSIS = YES;
				CLANG_WARN_STRICT_PROTOTYPES = YES;
				CLANG_WARN_SUSPICIOUS_MOVE = YES;
				CLANG_WARN_UNGUARDED_AVAILABILITY = YES_AGGRESSIVE;
				CLANG_WARN_UNREACHABLE_CODE = YES;
				CLANG_WARN__DUPLICATE_METHOD_MATCH = YES;
				COPY_PHASE_STRIP = NO;
				DEBUG_INFORMATION_FORMAT = "dwarf-with-dsym";
				ENABLE_NS_ASSERTIONS = NO;
				ENABLE_STRICT_OBJC_MSGSEND = YES;
				GCC_C_LANGUAGE_STANDARD = gnu11;
				GCC_NO_COMMON_BLOCKS = YES;
				GCC_WARN_64_TO_32_BIT_CONVERSION = YES;
				GCC_WARN_ABOUT_RETURN_TYPE = YES_ERROR;
				GCC_WARN_UNDECLARED_SELECTOR = YES;
				GCC_WARN_UNINITIALIZED_AUTOS = YES_AGGRESSIVE;
				GCC_WARN_UNUSED_FUNCTION = YES;
				GCC_WARN_UNUSED_VARIABLE = YES;
				IPHONEOS_DEPLOYMENT_TARGET = 16.1;
				MTL_ENABLE_DEBUG_INFO = NO;
				MTL_FAST_MATH = YES;
				SDKROOT = iphoneos;
				SWIFT_COMPILATION_MODE = wholemodule;
				SWIFT_OPTIMIZATION_LEVEL = "-O";
				VALIDATE_PRODUCT = YES;
			};
			name = Release;
		};
		6316CC8029C4BD380085CF2A /* Debug */ = {
			isa = XCBuildConfiguration;
			baseConfigurationReference = 4118EB4BE9A5DB34799C2B5E /* Pods-QuotesConverter.debug.xcconfig */;
			buildSettings = {
				ASSETCATALOG_COMPILER_APPICON_NAME = AppIcon;
				ASSETCATALOG_COMPILER_GLOBAL_ACCENT_COLOR_NAME = AccentColor;
				CODE_SIGN_STYLE = Automatic;
				CURRENT_PROJECT_VERSION = 1;
				DEVELOPMENT_TEAM = 8ALJH658FH;
				GENERATE_INFOPLIST_FILE = YES;
				INFOPLIST_FILE = QuotesConverter/Info.plist;
				INFOPLIST_KEY_UIApplicationSupportsIndirectInputEvents = YES;
				INFOPLIST_KEY_UILaunchStoryboardName = LaunchScreen;
				INFOPLIST_KEY_UISupportedInterfaceOrientations_iPad = "UIInterfaceOrientationPortrait UIInterfaceOrientationPortraitUpsideDown UIInterfaceOrientationLandscapeLeft UIInterfaceOrientationLandscapeRight";
				INFOPLIST_KEY_UISupportedInterfaceOrientations_iPhone = "UIInterfaceOrientationPortrait UIInterfaceOrientationLandscapeLeft UIInterfaceOrientationLandscapeRight";
				LD_RUNPATH_SEARCH_PATHS = (
					"$(inherited)",
					"@executable_path/Frameworks",
				);
				MARKETING_VERSION = 1.0;
				PRODUCT_BUNDLE_IDENTIFIER = taleh.QuotesConverter;
				PRODUCT_NAME = "$(TARGET_NAME)";
				SWIFT_EMIT_LOC_STRINGS = YES;
				SWIFT_VERSION = 5.0;
				TARGETED_DEVICE_FAMILY = "1,2";
			};
			name = Debug;
		};
		6316CC8129C4BD380085CF2A /* Release */ = {
			isa = XCBuildConfiguration;
			baseConfigurationReference = BFD50E3586E3FEEFD90850E0 /* Pods-QuotesConverter.release.xcconfig */;
			buildSettings = {
				ASSETCATALOG_COMPILER_APPICON_NAME = AppIcon;
				ASSETCATALOG_COMPILER_GLOBAL_ACCENT_COLOR_NAME = AccentColor;
				CODE_SIGN_STYLE = Automatic;
				CURRENT_PROJECT_VERSION = 1;
				DEVELOPMENT_TEAM = 8ALJH658FH;
				GENERATE_INFOPLIST_FILE = YES;
				INFOPLIST_FILE = QuotesConverter/Info.plist;
				INFOPLIST_KEY_UIApplicationSupportsIndirectInputEvents = YES;
				INFOPLIST_KEY_UILaunchStoryboardName = LaunchScreen;
				INFOPLIST_KEY_UISupportedInterfaceOrientations_iPad = "UIInterfaceOrientationPortrait UIInterfaceOrientationPortraitUpsideDown UIInterfaceOrientationLandscapeLeft UIInterfaceOrientationLandscapeRight";
				INFOPLIST_KEY_UISupportedInterfaceOrientations_iPhone = "UIInterfaceOrientationPortrait UIInterfaceOrientationLandscapeLeft UIInterfaceOrientationLandscapeRight";
				LD_RUNPATH_SEARCH_PATHS = (
					"$(inherited)",
					"@executable_path/Frameworks",
				);
				MARKETING_VERSION = 1.0;
				PRODUCT_BUNDLE_IDENTIFIER = taleh.QuotesConverter;
				PRODUCT_NAME = "$(TARGET_NAME)";
				SWIFT_EMIT_LOC_STRINGS = YES;
				SWIFT_VERSION = 5.0;
				TARGETED_DEVICE_FAMILY = "1,2";
			};
			name = Release;
		};
/* End XCBuildConfiguration section */

/* Begin XCConfigurationList section */
		6316CC6629C4BD350085CF2A /* Build configuration list for PBXProject "QuotesConverter" */ = {
			isa = XCConfigurationList;
			buildConfigurations = (
				6316CC7D29C4BD380085CF2A /* Debug */,
				6316CC7E29C4BD380085CF2A /* Release */,
			);
			defaultConfigurationIsVisible = 0;
			defaultConfigurationName = Release;
		};
		6316CC7F29C4BD380085CF2A /* Build configuration list for PBXNativeTarget "QuotesConverter" */ = {
			isa = XCConfigurationList;
			buildConfigurations = (
				6316CC8029C4BD380085CF2A /* Debug */,
				6316CC8129C4BD380085CF2A /* Release */,
			);
			defaultConfigurationIsVisible = 0;
			defaultConfigurationName = Release;
		};
/* End XCConfigurationList section */
	};
	rootObject = 6316CC6329C4BD350085CF2A /* Project object */;
}
